
Microsoft Visual Studio Solution File, Format Version 12.00
# Visual Studio Version 17
VisualStudioVersion = 17.10.35004.147
MinimumVisualStudioVersion = 10.0.40219.1
Project("{FAE04EC0-301F-11D3-BF4B-00C04F79EFBC}") = "Part2_Assignment3", "Part2_Assignment3\Part2_Assignment3.csproj", "{00D00264-6E1E-48C8-8B19-73E3F8773D6F}"
EndProject
Global
	GlobalSection(SolutionConfigurationPlatforms) = preSolution
		Debug|Any CPU = Debug|Any CPU
		Release|Any CPU = Release|Any CPU
	EndGlobalSection
	GlobalSection(ProjectConfigurationPlatforms) = postSolution
		{00D00264-6E1E-48C8-8B19-73E3F8773D6F}.Debug|Any CPU.ActiveCfg = Debug|Any CPU
		{00D00264-6E1E-48C8-8B19-73E3F8773D6F}.Debug|Any CPU.Build.0 = Debug|Any CPU
		{00D00264-6E1E-48C8-8B19-73E3F8773D6F}.Release|Any CPU.ActiveCfg = Release|Any CPU
		{00D00264-6E1E-48C8-8B19-73E3F8773D6F}.Release|Any CPU.Build.0 = Release|Any CPU
	EndGlobalSection
	GlobalSection(SolutionProperties) = preSolution
		HideSolutionNode = FALSE
	EndGlobalSection
	GlobalSection(ExtensibilityGlobals) = postSolution
		SolutionGuid = {B6CD989E-0EB2-4DED-94E0-D1B34333B9CD}
	EndGlobalSection
EndGlobal
