
Microsoft Visual Studio Solution File, Format Version 12.00
# Visual Studio Version 17
VisualStudioVersion = 17.2.32516.85
MinimumVisualStudioVersion = 10.0.40219.1
Project("{F184B08F-C81C-45F6-A57F-5ABD9991F28F}") = "DATABASE", "DATABASE\DATABASE.vbproj", "{AD650F86-9506-475E-BEAA-B5830C815827}"
EndProject
Global
	GlobalSection(SolutionConfigurationPlatforms) = preSolution
		Debug|Any CPU = Debug|Any CPU
		Release|Any CPU = Release|Any CPU
	EndGlobalSection
	GlobalSection(ProjectConfigurationPlatforms) = postSolution
		{AD650F86-9506-475E-BEAA-B5830C815827}.Debug|Any CPU.ActiveCfg = Debug|Any CPU
		{AD650F86-9506-475E-BEAA-B5830C815827}.Debug|Any CPU.Build.0 = Debug|Any CPU
		{AD650F86-9506-475E-BEAA-B5830C815827}.Release|Any CPU.ActiveCfg = Release|Any CPU
		{AD650F86-9506-475E-BEAA-B5830C815827}.Release|Any CPU.Build.0 = Release|Any CPU
	EndGlobalSection
	GlobalSection(SolutionProperties) = preSolution
		HideSolutionNode = FALSE
	EndGlobalSection
	GlobalSection(ExtensibilityGlobals) = postSolution
		SolutionGuid = {F4D5CC79-E693-4F3C-AE83-AEA8D5004B06}
	EndGlobalSection
EndGlobal
